{
  "lockfile_version": "1",
  "packages": {
    "docker-compose@latest": {
      "last_modified": "2025-01-09T11:09:19Z",
      "resolved": "github:NixOS/nixpkgs/32af3611f6f05655ca166a0b1f47b57c762b5192#docker-compose",
      "source": "devbox-search",
      "version": "2.32.2",
      "systems": {
        "aarch64-darwin": {
          "outputs": [
            {
              "name": "out",
              "path": "/nix/store/z1lx4rn2n1jfbp83jjl83qzfniz56v8n-docker-compose-2.32.2",
              "default": true
            }
          ],
          "store_path": "/nix/store/z1lx4rn2n1jfbp83jjl83qzfniz56v8n-docker-compose-2.32.2"
        },
        "aarch64-linux": {
          "outputs": [
            {
              "name": "out",
              "path": "/nix/store/cdjj4rf7gvldgv3yn9mj5wjxypf51p8g-docker-compose-2.32.2",
              "default": true
            }
          ],
          "store_path": "/nix/store/cdjj4rf7gvldgv3yn9mj5wjxypf51p8g-docker-compose-2.32.2"
        },
        "x86_64-darwin": {
          "outputs": [
            {
              "name": "out",
              "path": "/nix/store/72lapq24xp7kbm5likw4v86v4cy4s1s8-docker-compose-2.32.2",
              "default": true
            }
          ],
          "store_path": "/nix/store/72lapq24xp7kbm5likw4v86v4cy4s1s8-docker-compose-2.32.2"
        },
        "x86_64-linux": {
          "outputs": [
            {
              "name": "out",
              "path": "/nix/store/rxx7z7sjindad4qzhkzpv7x9lxd8b3hk-docker-compose-2.32.2",
              "default": true
            }
          ],
          "store_path": "/nix/store/rxx7z7sjindad4qzhkzpv7x9lxd8b3hk-docker-compose-2.32.2"
        }
      }
    },
    "docker@latest": {
      "last_modified": "2025-01-16T05:04:52Z",
      "resolved": "github:NixOS/nixpkgs/ae06b9c2d83cb5c8b12d7d0e32692e93d1379713#docker",
      "source": "devbox-search",
      "version": "27.5.0",
      "systems": {
        "aarch64-darwin": {
          "outputs": [
            {
              "name": "out",
              "path": "/nix/store/df724zgbb3fqpgdm0r88nfl52g3m91pj-docker-27.5.0",
              "default": true
            }
          ],
          "store_path": "/nix/store/df724zgbb3fqpgdm0r88nfl52g3m91pj-docker-27.5.0"
        },
        "aarch64-linux": {
          "outputs": [
            {
              "name": "out",
              "path": "/nix/store/myrxd1yfgkjfm93s9c4mhwmj7w9gk9yz-docker-27.5.0",
              "default": true
            }
          ],
          "store_path": "/nix/store/myrxd1yfgkjfm93s9c4mhwmj7w9gk9yz-docker-27.5.0"
        },
        "x86_64-darwin": {
          "outputs": [
            {
              "name": "out",
              "path": "/nix/store/r38v3nm4p5myrwmr1x5ia7xqqs9q6dgm-docker-27.5.0",
              "default": true
            }
          ],
          "store_path": "/nix/store/r38v3nm4p5myrwmr1x5ia7xqqs9q6dgm-docker-27.5.0"
        },
        "x86_64-linux": {
          "outputs": [
            {
              "name": "out",
              "path": "/nix/store/x0fj609dyh29chy2c5shg1y52nmaq7ja-docker-27.5.0",
              "default": true
            }
          ],
          "store_path": "/nix/store/x0fj609dyh29chy2c5shg1y52nmaq7ja-docker-27.5.0"
        }
      }
    },
    "git@latest": {
      "last_modified": "2024-12-23T21:10:33Z",
      "resolved": "github:NixOS/nixpkgs/de1864217bfa9b5845f465e771e0ecb48b30e02d#git",
      "source": "devbox-search",
      "version": "2.47.0",
      "systems": {
        "aarch64-darwin": {
          "outputs": [
            {
              "name": "out",
              "path": "/nix/store/bi58hj6aqbswrwngsdzszzdf35vzsl36-git-2.47.0",
              "default": true
            },
            {
              "name": "doc",
              "path": "/nix/store/ilmzpslj8yvf5krdyz7bj08wjf03pxvj-git-2.47.0-doc"
            }
          ],
          "store_path": "/nix/store/bi58hj6aqbswrwngsdzszzdf35vzsl36-git-2.47.0"
        },
        "aarch64-linux": {
          "outputs": [
            {
              "name": "out",
              "path": "/nix/store/861v7354sw64ydk43jwdswwkqkf0dhq2-git-2.47.0",
              "default": true
            },
            {
              "name": "debug",
              "path": "/nix/store/cyfh5sk108g0yhif2ppxw3xyrbz9cc5k-git-2.47.0-debug"
            },
            {
              "name": "doc",
              "path": "/nix/store/4rj9xhq42v2b7nxf77xlkqbd20jzby0i-git-2.47.0-doc"
            }
          ],
          "store_path": "/nix/store/861v7354sw64ydk43jwdswwkqkf0dhq2-git-2.47.0"
        },
        "x86_64-darwin": {
          "outputs": [
            {
              "name": "out",
              "path": "/nix/store/v283088hdcppiswvqslgfspxwnq4ldz3-git-2.47.0",
              "default": true
            },
            {
              "name": "doc",
              "path": "/nix/store/i5rw1f8xv1sp13lcsxq0bkswn600lcmx-git-2.47.0-doc"
            }
          ],
          "store_path": "/nix/store/v283088hdcppiswvqslgfspxwnq4ldz3-git-2.47.0"
        },
        "x86_64-linux": {
          "outputs": [
            {
              "name": "out",
              "path": "/nix/store/iwq58rpn6idjnxbnyjh351776qzvsd0r-git-2.47.0",
              "default": true
            },
            {
              "name": "debug",
              "path": "/nix/store/1s38v03xh8d88b1wm8iwpkrpy6cf3ydq-git-2.47.0-debug"
            },
            {
              "name": "doc",
              "path": "/nix/store/kn855hkv6yda9wi7g48lxwgplijqijb9-git-2.47.0-doc"
            }
          ],
          "store_path": "/nix/store/iwq58rpn6idjnxbnyjh351776qzvsd0r-git-2.47.0"
        }
      }
    },
    "python@3.10": {
      "last_modified": "2024-12-23T21:10:33Z",
      "plugin_version": "0.0.4",
      "resolved": "github:NixOS/nixpkgs/de1864217bfa9b5845f465e771e0ecb48b30e02d#python310",
      "source": "devbox-search",
      "version": "3.10.16",
      "systems": {
        "aarch64-darwin": {
          "outputs": [
            {
              "name": "out",
              "path": "/nix/store/382cajdyw7qsgrzjf8y79hssg8ggv18x-python3-3.10.16",
              "default": true
            }
          ],
          "store_path": "/nix/store/382cajdyw7qsgrzjf8y79hssg8ggv18x-python3-3.10.16"
        },
        "aarch64-linux": {
          "outputs": [
            {
              "name": "out",
              "path": "/nix/store/bvvky8yghyl23vwdhf6dmq6w1a4nm1mg-python3-3.10.16",
              "default": true
            },
            {
              "name": "debug",
              "path": "/nix/store/msw7k25qw8wfqjrdv6j2sydqxddmaw32-python3-3.10.16-debug"
            }
          ],
          "store_path": "/nix/store/bvvky8yghyl23vwdhf6dmq6w1a4nm1mg-python3-3.10.16"
        },
        "x86_64-darwin": {
          "outputs": [
            {
              "name": "out",
              "path": "/nix/store/2dnz9rwscr6d1pma8h5q7ckfavsrvhb1-python3-3.10.16",
              "default": true
            }
          ],
          "store_path": "/nix/store/2dnz9rwscr6d1pma8h5q7ckfavsrvhb1-python3-3.10.16"
        },
        "x86_64-linux": {
          "outputs": [
            {
              "name": "out",
              "path": "/nix/store/rv4ykblb2w9qc7w7a10dbw4r1am7zm9n-python3-3.10.16",
              "default": true
            },
            {
              "name": "debug",
              "path": "/nix/store/l0fx7jgxq5pn27n74haq9c5bhwvbkpab-python3-3.10.16-debug"
            }
          ],
          "store_path": "/nix/store/rv4ykblb2w9qc7w7a10dbw4r1am7zm9n-python3-3.10.16"
        }
      }
    },
    "vim@latest": {
      "last_modified": "2024-12-23T21:10:33Z",
      "resolved": "github:NixOS/nixpkgs/de1864217bfa9b5845f465e771e0ecb48b30e02d#vim",
      "source": "devbox-search",
      "version": "9.1.0905",
      "systems": {
        "aarch64-darwin": {
          "outputs": [
            {
              "name": "out",
              "path": "/nix/store/rc1kfgzpb3aq5w7cj1adjb5yaqv4c2va-vim-9.1.0905",
              "default": true
            },
            {
              "name": "xxd",
              "path": "/nix/store/mi0chjhw4cmyl2yq0z1lz8gmskzrq6da-vim-9.1.0905-xxd",
              "default": true
            }
          ],
          "store_path": "/nix/store/rc1kfgzpb3aq5w7cj1adjb5yaqv4c2va-vim-9.1.0905"
        },
        "aarch64-linux": {
          "outputs": [
            {
              "name": "out",
              "path": "/nix/store/v5rz9y25dapc1j6q2xmgawgh5fgfa59q-vim-9.1.0905",
              "default": true
            },
            {
              "name": "xxd",
              "path": "/nix/store/fb6h1rvcaf73pmvf7xlcn2ihh80xwymj-vim-9.1.0905-xxd",
              "default": true
            }
          ],
          "store_path": "/nix/store/v5rz9y25dapc1j6q2xmgawgh5fgfa59q-vim-9.1.0905"
        },
        "x86_64-darwin": {
          "outputs": [
            {
              "name": "out",
              "path": "/nix/store/ysnvbsyvysqm78pjbsw0zn7arlzp7yk8-vim-9.1.0905",
              "default": true
            },
            {
              "name": "xxd",
              "path": "/nix/store/ml8dj1b4zsi25652lf5cnz5qv8fl1swy-vim-9.1.0905-xxd",
              "default": true
            }
          ],
          "store_path": "/nix/store/ysnvbsyvysqm78pjbsw0zn7arlzp7yk8-vim-9.1.0905"
        },
        "x86_64-linux": {
          "outputs": [
            {
              "name": "out",
              "path": "/nix/store/g9x3rxi0p1dxbdyf222m0qprrw0anyg5-vim-9.1.0905",
              "default": true
            },
            {
              "name": "xxd",
              "path": "/nix/store/v8k2x4bg8vbhwx1qgmz1cicf1ny01npy-vim-9.1.0905-xxd",
              "default": true
            }
          ],
          "store_path": "/nix/store/g9x3rxi0p1dxbdyf222m0qprrw0anyg5-vim-9.1.0905"
        }
      }
    }
  }
}
